
Microsoft Visual Studio Solution File, Format Version 12.00
# Visual Studio Version 17
VisualStudioVersion = 17.0.31903.59
MinimumVisualStudioVersion = 10.0.40219.1
Project("{FAE04EC0-301F-11D3-BF4B-00C04F79EFBC}") = "app.Core", "app.Core\app.Core.csproj", "{856EF8EE-E3C3-4246-9B04-53991533D5FC}"
EndProject
Project("{FAE04EC0-301F-11D3-BF4B-00C04F79EFBC}") = "app.Application", "app.Application\app.Application.csproj", "{27401EE3-F4B0-4517-A378-06BA0B31E7D3}"
EndProject
Project("{FAE04EC0-301F-11D3-BF4B-00C04F79EFBC}") = "app.Infrastructure", "app.Infrastructure\app.Infrastructure.csproj", "{2C3D4892-4B23-4A5E-BEA6-DF71323D77F8}"
EndProject
Project("{FAE04EC0-301F-11D3-BF4B-00C04F79EFBC}") = "app.WebApi", "app.WebApi\app.WebApi.csproj", "{A305DD9B-82A4-4C3B-BDB1-96689FF7647E}"
EndProject
Project("{FAE04EC0-301F-11D3-BF4B-00C04F79EFBC}") = "tests", "..\tests\tests.csproj", "{D02D978D-6190-4F3D-BFBB-9C5F4331C51B}"
EndProject
Global
	GlobalSection(SolutionConfigurationPlatforms) = preSolution
		Debug|Any CPU = Debug|Any CPU
		Release|Any CPU = Release|Any CPU
	EndGlobalSection
	GlobalSection(SolutionProperties) = preSolution
		HideSolutionNode = FALSE
	EndGlobalSection
	GlobalSection(ProjectConfigurationPlatforms) = postSolution
		{856EF8EE-E3C3-4246-9B04-53991533D5FC}.Debug|Any CPU.ActiveCfg = Debug|Any CPU
		{856EF8EE-E3C3-4246-9B04-53991533D5FC}.Debug|Any CPU.Build.0 = Debug|Any CPU
		{856EF8EE-E3C3-4246-9B04-53991533D5FC}.Release|Any CPU.ActiveCfg = Release|Any CPU
		{856EF8EE-E3C3-4246-9B04-53991533D5FC}.Release|Any CPU.Build.0 = Release|Any CPU
		{27401EE3-F4B0-4517-A378-06BA0B31E7D3}.Debug|Any CPU.ActiveCfg = Debug|Any CPU
		{27401EE3-F4B0-4517-A378-06BA0B31E7D3}.Debug|Any CPU.Build.0 = Debug|Any CPU
		{27401EE3-F4B0-4517-A378-06BA0B31E7D3}.Release|Any CPU.ActiveCfg = Release|Any CPU
		{27401EE3-F4B0-4517-A378-06BA0B31E7D3}.Release|Any CPU.Build.0 = Release|Any CPU
		{2C3D4892-4B23-4A5E-BEA6-DF71323D77F8}.Debug|Any CPU.ActiveCfg = Debug|Any CPU
		{2C3D4892-4B23-4A5E-BEA6-DF71323D77F8}.Debug|Any CPU.Build.0 = Debug|Any CPU
		{2C3D4892-4B23-4A5E-BEA6-DF71323D77F8}.Release|Any CPU.ActiveCfg = Release|Any CPU
		{2C3D4892-4B23-4A5E-BEA6-DF71323D77F8}.Release|Any CPU.Build.0 = Release|Any CPU
		{A305DD9B-82A4-4C3B-BDB1-96689FF7647E}.Debug|Any CPU.ActiveCfg = Debug|Any CPU
		{A305DD9B-82A4-4C3B-BDB1-96689FF7647E}.Debug|Any CPU.Build.0 = Debug|Any CPU
		{A305DD9B-82A4-4C3B-BDB1-96689FF7647E}.Release|Any CPU.ActiveCfg = Release|Any CPU
		{A305DD9B-82A4-4C3B-BDB1-96689FF7647E}.Release|Any CPU.Build.0 = Release|Any CPU
		{D02D978D-6190-4F3D-BFBB-9C5F4331C51B}.Debug|Any CPU.ActiveCfg = Debug|Any CPU
		{D02D978D-6190-4F3D-BFBB-9C5F4331C51B}.Debug|Any CPU.Build.0 = Debug|Any CPU
		{D02D978D-6190-4F3D-BFBB-9C5F4331C51B}.Release|Any CPU.ActiveCfg = Release|Any CPU
		{D02D978D-6190-4F3D-BFBB-9C5F4331C51B}.Release|Any CPU.Build.0 = Release|Any CPU
	EndGlobalSection
EndGlobal
